
Microsoft Visual Studio Solution File, Format Version 12.00
# Visual Studio Version 17
VisualStudioVersion = 17.14.36121.58 d17.14
MinimumVisualStudioVersion = 10.0.40219.1
Project("{FAE04EC0-301F-11D3-BF4B-00C04F79EFBC}") = "SistemaVotaciones", "SistemaVotaciones\SistemaVotaciones.csproj", "{4BD23896-0233-45AE-A07A-ADC3884E7BC5}"
EndProject
Global
	GlobalSection(SolutionConfigurationPlatforms) = preSolution
		Debug|Any CPU = Debug|Any CPU
		Release|Any CPU = Release|Any CPU
	EndGlobalSection
	GlobalSection(ProjectConfigurationPlatforms) = postSolution
		{4BD23896-0233-45AE-A07A-ADC3884E7BC5}.Debug|Any CPU.ActiveCfg = Debug|Any CPU
		{4BD23896-0233-45AE-A07A-ADC3884E7BC5}.Debug|Any CPU.Build.0 = Debug|Any CPU
		{4BD23896-0233-45AE-A07A-ADC3884E7BC5}.Release|Any CPU.ActiveCfg = Release|Any CPU
		{4BD23896-0233-45AE-A07A-ADC3884E7BC5}.Release|Any CPU.Build.0 = Release|Any CPU
	EndGlobalSection
	GlobalSection(SolutionProperties) = preSolution
		HideSolutionNode = FALSE
	EndGlobalSection
	GlobalSection(ExtensibilityGlobals) = postSolution
		SolutionGuid = {F1AB55B4-B7F1-45AB-AE56-944CE26095B3}
	EndGlobalSection
EndGlobal
